// !$*UTF8*$!
{
	archiveVersion = 1;
	classes = {
	};
	objectVersion = 55;
	objects = {

/* Begin PBXAggregateTarget section */
		9BF27DDF283027A7005D88FA /* Periphery */ = {
			isa = PBXAggregateTarget;
			buildConfigurationList = 9BF27DE0283027A7005D88FA /* Build configuration list for PBXAggregateTarget "Periphery" */;
			buildPhases = (
				9BF27DE3283027B3005D88FA /* ShellScript */,
			);
			dependencies = (
			);
			name = Periphery;
			productName = Periphery;
		};
/* End PBXAggregateTarget section */

/* Begin PBXBuildFile section */
		9A4CCD222828E94C005401B3 /* dateFunctions.swift in Sources */ = {isa = PBXBuildFile; fileRef = 9A4CCD212828E94C005401B3 /* dateFunctions.swift */; };
		9A4CCD242828E95E005401B3 /* Points.swift in Sources */ = {isa = PBXBuildFile; fileRef = 9A4CCD232828E95E005401B3 /* Points.swift */; };
		9A4CCD262828E9DD005401B3 /* extensions.swift in Sources */ = {isa = PBXBuildFile; fileRef = 9A4CCD252828E9DD005401B3 /* extensions.swift */; };
		9A4CCD282828F9FE005401B3 /* dateSelView Controller.swift in Sources */ = {isa = PBXBuildFile; fileRef = 9A4CCD272828F9FE005401B3 /* dateSelView Controller.swift */; };
		9A4CE26E2828744F00FBA993 /* dataStorage.swift in Sources */ = {isa = PBXBuildFile; fileRef = 9A4CE26D2828744F00FBA993 /* dataStorage.swift */; };
		9B05DE35282518AB00FEDE47 /* functions.swift in Sources */ = {isa = PBXBuildFile; fileRef = 9B05DE34282518AB00FEDE47 /* functions.swift */; };
		9B4579682836C5CD001C030D /* Photo Scroll ViewController.swift in Sources */ = {isa = PBXBuildFile; fileRef = 9B4579672836C5CD001C030D /* Photo Scroll ViewController.swift */; };
		9B5D1BFE282A5BCE00E0A1B3 /* Main.storyboard in Resources */ = {isa = PBXBuildFile; fileRef = 9B5D1BFD282A5BCE00E0A1B3 /* Main.storyboard */; };
		9B5D1C0B282A5E1D00E0A1B3 /* LaunchScreen.storyboard in Resources */ = {isa = PBXBuildFile; fileRef = 9B5D1C0A282A5E1D00E0A1B3 /* LaunchScreen.storyboard */; };
		9B6BA0EA2834336F000A3FE5 /* photos Collection View Controller.swift in Sources */ = {isa = PBXBuildFile; fileRef = 9B6BA0E92834336F000A3FE5 /* photos Collection View Controller.swift */; };
		9B6BA0EC28343476000A3FE5 /* photoCollectionCell.swift in Sources */ = {isa = PBXBuildFile; fileRef = 9B6BA0EB28343476000A3FE5 /* photoCollectionCell.swift */; };
		9B6BA0EE283438B9000A3FE5 /* largePhoto View Controller.swift in Sources */ = {isa = PBXBuildFile; fileRef = 9B6BA0ED283438B9000A3FE5 /* largePhoto View Controller.swift */; };
		9BA03A882833AB3E00A80EDD /* CoreLocation.framework in Frameworks */ = {isa = PBXBuildFile; fileRef = 9BF75F26282D7C8200D58E78 /* CoreLocation.framework */; };
		9BA03A892833AB3E00A80EDD /* CoreLocationUI.framework in Frameworks */ = {isa = PBXBuildFile; fileRef = 9BF75F28282D7CDE00D58E78 /* CoreLocationUI.framework */; };
		9BA03A8A2833AB4400A80EDD /* MapKit.framework in Frameworks */ = {isa = PBXBuildFile; fileRef = 9BC7099C282B03D50064A969 /* MapKit.framework */; };
		9BAAF8BD28257B5F000EC8A5 /* geocoder.swift in Sources */ = {isa = PBXBuildFile; fileRef = 9BAAF8BC28257B5F000EC8A5 /* geocoder.swift */; };
		9BBD6E15282A6F8400E68312 /* webSiteView Controller.swift in Sources */ = {isa = PBXBuildFile; fileRef = 9BBD6E14282A6F8400E68312 /* webSiteView Controller.swift */; };
		9BC7E5BE28244476002C7707 /* database.swift in Sources */ = {isa = PBXBuildFile; fileRef = 9BC7E5BC28244476002C7707 /* database.swift */; };
		9BCFC10228232D6800A4CD4A /* AppDelegate.swift in Sources */ = {isa = PBXBuildFile; fileRef = 9BCFC10128232D6800A4CD4A /* AppDelegate.swift */; };
		9BCFC10428232D6800A4CD4A /* SceneDelegate.swift in Sources */ = {isa = PBXBuildFile; fileRef = 9BCFC10328232D6800A4CD4A /* SceneDelegate.swift */; };
		9BCFC10628232D6800A4CD4A /* mapView Controller.swift in Sources */ = {isa = PBXBuildFile; fileRef = 9BCFC10528232D6800A4CD4A /* mapView Controller.swift */; };
		9BCFC10B28232D6900A4CD4A /* Assets.xcassets in Resources */ = {isa = PBXBuildFile; fileRef = 9BCFC10A28232D6900A4CD4A /* Assets.xcassets */; };
		9BCFC11928232D6A00A4CD4A /* LynxTests.swift in Sources */ = {isa = PBXBuildFile; fileRef = 9BCFC11828232D6A00A4CD4A /* LynxTests.swift */; };
		9BCFC12328232D6A00A4CD4A /* LynxUITests.swift in Sources */ = {isa = PBXBuildFile; fileRef = 9BCFC12228232D6A00A4CD4A /* LynxUITests.swift */; };
		9BCFC12528232D6A00A4CD4A /* LynxUITestsLaunchTests.swift in Sources */ = {isa = PBXBuildFile; fileRef = 9BCFC12428232D6A00A4CD4A /* LynxUITestsLaunchTests.swift */; };
		9BD4F32C28319F4D00BE3EA2 /* placesPhotosTableCell.swift in Sources */ = {isa = PBXBuildFile; fileRef = 9BD4F32B28319F4D00BE3EA2 /* placesPhotosTableCell.swift */; };
		9BD4F33028319FA400BE3EA2 /* photos Table View Controller.swift in Sources */ = {isa = PBXBuildFile; fileRef = 9BD4F32F28319FA400BE3EA2 /* photos Table View Controller.swift */; };
		9BD4F3332831A06500BE3EA2 /* photos Functions.swift in Sources */ = {isa = PBXBuildFile; fileRef = 9BD4F3322831A06500BE3EA2 /* photos Functions.swift */; };
		9BD4F3362832B2B000BE3EA2 /* Constants.swift in Sources */ = {isa = PBXBuildFile; fileRef = 9BD4F3352832B2B000BE3EA2 /* Constants.swift */; };
		9BD4F3382832B46D00BE3EA2 /* sharedData.swift in Sources */ = {isa = PBXBuildFile; fileRef = 9BD4F3372832B46D00BE3EA2 /* sharedData.swift */; };
		9BD4F33A2832B8D400BE3EA2 /* locations.swift in Sources */ = {isa = PBXBuildFile; fileRef = 9BD4F3392832B8D300BE3EA2 /* locations.swift */; };
		9BF27DD32830012D005D88FA /* MRCalcSaveGet.swift in Sources */ = {isa = PBXBuildFile; fileRef = 9BF27DD22830012D005D88FA /* MRCalcSaveGet.swift */; };
		9BF75F34282E64FE00D58E78 /* Markers.swift in Sources */ = {isa = PBXBuildFile; fileRef = 9BF75F33282E64FE00D58E78 /* Markers.swift */; };
		9BF75F36282E657E00D58E78 /* Routes.swift in Sources */ = {isa = PBXBuildFile; fileRef = 9BF75F35282E657E00D58E78 /* Routes.swift */; };
		9BF75F38282E740700D58E78 /* route Details View Controller.swift in Sources */ = {isa = PBXBuildFile; fileRef = 9BF75F37282E740700D58E78 /* route Details View Controller.swift */; };
		9BF75F41282E8FE200D58E78 /* routes Table View Controller.swift in Sources */ = {isa = PBXBuildFile; fileRef = 9BF75F40282E8FE200D58E78 /* routes Table View Controller.swift */; };
		9BF75F43282E974800D58E78 /* routeTableCell.swift in Sources */ = {isa = PBXBuildFile; fileRef = 9BF75F42282E974800D58E78 /* routeTableCell.swift */; };
		9BF75F45282EA1A200D58E78 /* routesFunctions.swift in Sources */ = {isa = PBXBuildFile; fileRef = 9BF75F44282EA1A200D58E78 /* routesFunctions.swift */; };
/* End PBXBuildFile section */

/* Begin PBXContainerItemProxy section */
		9BCFC11528232D6A00A4CD4A /* PBXContainerItemProxy */ = {
			isa = PBXContainerItemProxy;
			containerPortal = 9BCFC0F628232D6800A4CD4A /* Project object */;
			proxyType = 1;
			remoteGlobalIDString = 9BCFC0FD28232D6800A4CD4A;
			remoteInfo = Lynx;
		};
		9BCFC11F28232D6A00A4CD4A /* PBXContainerItemProxy */ = {
			isa = PBXContainerItemProxy;
			containerPortal = 9BCFC0F628232D6800A4CD4A /* Project object */;
			proxyType = 1;
			remoteGlobalIDString = 9BCFC0FD28232D6800A4CD4A;
			remoteInfo = Lynx;
		};
/* End PBXContainerItemProxy section */

/* Begin PBXFileReference section */
		9A4CCD212828E94C005401B3 /* dateFunctions.swift */ = {isa = PBXFileReference; lastKnownFileType = sourcecode.swift; path = dateFunctions.swift; sourceTree = "<group>"; };
		9A4CCD232828E95E005401B3 /* Points.swift */ = {isa = PBXFileReference; lastKnownFileType = sourcecode.swift; path = Points.swift; sourceTree = "<group>"; };
		9A4CCD252828E9DD005401B3 /* extensions.swift */ = {isa = PBXFileReference; lastKnownFileType = sourcecode.swift; path = extensions.swift; sourceTree = "<group>"; };
		9A4CCD272828F9FE005401B3 /* dateSelView Controller.swift */ = {isa = PBXFileReference; lastKnownFileType = sourcecode.swift; path = "dateSelView Controller.swift"; sourceTree = "<group>"; };
		9A4CE26D2828744F00FBA993 /* dataStorage.swift */ = {isa = PBXFileReference; lastKnownFileType = sourcecode.swift; path = dataStorage.swift; sourceTree = "<group>"; };
		9B05DE34282518AB00FEDE47 /* functions.swift */ = {isa = PBXFileReference; lastKnownFileType = sourcecode.swift; path = functions.swift; sourceTree = "<group>"; };
		9B4579672836C5CD001C030D /* Photo Scroll ViewController.swift */ = {isa = PBXFileReference; lastKnownFileType = sourcecode.swift; path = "Photo Scroll ViewController.swift"; sourceTree = "<group>"; };
		9B5D1BFD282A5BCE00E0A1B3 /* Main.storyboard */ = {isa = PBXFileReference; lastKnownFileType = file.storyboard; path = Main.storyboard; sourceTree = "<group>"; };
		9B5D1C0A282A5E1D00E0A1B3 /* LaunchScreen.storyboard */ = {isa = PBXFileReference; fileEncoding = 4; lastKnownFileType = file.storyboard; path = LaunchScreen.storyboard; sourceTree = "<group>"; };
		9B6BA0E92834336F000A3FE5 /* photos Collection View Controller.swift */ = {isa = PBXFileReference; lastKnownFileType = sourcecode.swift; path = "photos Collection View Controller.swift"; sourceTree = "<group>"; };
		9B6BA0EB28343476000A3FE5 /* photoCollectionCell.swift */ = {isa = PBXFileReference; lastKnownFileType = sourcecode.swift; path = photoCollectionCell.swift; sourceTree = "<group>"; };
		9B6BA0ED283438B9000A3FE5 /* largePhoto View Controller.swift */ = {isa = PBXFileReference; lastKnownFileType = sourcecode.swift; path = "largePhoto View Controller.swift"; sourceTree = "<group>"; };
		9BAAF8BC28257B5F000EC8A5 /* geocoder.swift */ = {isa = PBXFileReference; lastKnownFileType = sourcecode.swift; path = geocoder.swift; sourceTree = "<group>"; };
		9BBD6E14282A6F8400E68312 /* webSiteView Controller.swift */ = {isa = PBXFileReference; lastKnownFileType = sourcecode.swift; path = "webSiteView Controller.swift"; sourceTree = "<group>"; };
		9BC7099C282B03D50064A969 /* MapKit.framework */ = {isa = PBXFileReference; lastKnownFileType = wrapper.framework; name = MapKit.framework; path = System/Library/Frameworks/MapKit.framework; sourceTree = SDKROOT; };
		9BC7E5BC28244476002C7707 /* database.swift */ = {isa = PBXFileReference; fileEncoding = 4; lastKnownFileType = sourcecode.swift; path = database.swift; sourceTree = "<group>"; };
		9BCFC0FE28232D6800A4CD4A /* Lynx.app */ = {isa = PBXFileReference; explicitFileType = wrapper.application; includeInIndex = 0; path = Lynx.app; sourceTree = BUILT_PRODUCTS_DIR; };
		9BCFC10128232D6800A4CD4A /* AppDelegate.swift */ = {isa = PBXFileReference; lastKnownFileType = sourcecode.swift; path = AppDelegate.swift; sourceTree = "<group>"; };
		9BCFC10328232D6800A4CD4A /* SceneDelegate.swift */ = {isa = PBXFileReference; lastKnownFileType = sourcecode.swift; path = SceneDelegate.swift; sourceTree = "<group>"; };
		9BCFC10528232D6800A4CD4A /* mapView Controller.swift */ = {isa = PBXFileReference; lastKnownFileType = sourcecode.swift; path = "mapView Controller.swift"; sourceTree = "<group>"; };
		9BCFC10A28232D6900A4CD4A /* Assets.xcassets */ = {isa = PBXFileReference; lastKnownFileType = folder.assetcatalog; path = Assets.xcassets; sourceTree = "<group>"; };
		9BCFC10F28232D6900A4CD4A /* Info.plist */ = {isa = PBXFileReference; lastKnownFileType = text.plist.xml; path = Info.plist; sourceTree = "<group>"; };
		9BCFC11428232D6A00A4CD4A /* LynxTests.xctest */ = {isa = PBXFileReference; explicitFileType = wrapper.cfbundle; includeInIndex = 0; path = LynxTests.xctest; sourceTree = BUILT_PRODUCTS_DIR; };
		9BCFC11828232D6A00A4CD4A /* LynxTests.swift */ = {isa = PBXFileReference; lastKnownFileType = sourcecode.swift; path = LynxTests.swift; sourceTree = "<group>"; };
		9BCFC11E28232D6A00A4CD4A /* LynxUITests.xctest */ = {isa = PBXFileReference; explicitFileType = wrapper.cfbundle; includeInIndex = 0; path = LynxUITests.xctest; sourceTree = BUILT_PRODUCTS_DIR; };
		9BCFC12228232D6A00A4CD4A /* LynxUITests.swift */ = {isa = PBXFileReference; lastKnownFileType = sourcecode.swift; path = LynxUITests.swift; sourceTree = "<group>"; };
		9BCFC12428232D6A00A4CD4A /* LynxUITestsLaunchTests.swift */ = {isa = PBXFileReference; lastKnownFileType = sourcecode.swift; path = LynxUITestsLaunchTests.swift; sourceTree = "<group>"; };
		9BD4F32B28319F4D00BE3EA2 /* placesPhotosTableCell.swift */ = {isa = PBXFileReference; lastKnownFileType = sourcecode.swift; path = placesPhotosTableCell.swift; sourceTree = "<group>"; };
		9BD4F32F28319FA400BE3EA2 /* photos Table View Controller.swift */ = {isa = PBXFileReference; lastKnownFileType = sourcecode.swift; path = "photos Table View Controller.swift"; sourceTree = "<group>"; };
		9BD4F3322831A06500BE3EA2 /* photos Functions.swift */ = {isa = PBXFileReference; lastKnownFileType = sourcecode.swift; path = "photos Functions.swift"; sourceTree = "<group>"; };
		9BD4F3352832B2B000BE3EA2 /* Constants.swift */ = {isa = PBXFileReference; lastKnownFileType = sourcecode.swift; path = Constants.swift; sourceTree = "<group>"; };
		9BD4F3372832B46D00BE3EA2 /* sharedData.swift */ = {isa = PBXFileReference; lastKnownFileType = sourcecode.swift; path = sharedData.swift; sourceTree = "<group>"; };
		9BD4F3392832B8D300BE3EA2 /* locations.swift */ = {isa = PBXFileReference; lastKnownFileType = sourcecode.swift; path = locations.swift; sourceTree = "<group>"; };
		9BF27DD22830012D005D88FA /* MRCalcSaveGet.swift */ = {isa = PBXFileReference; lastKnownFileType = sourcecode.swift; path = MRCalcSaveGet.swift; sourceTree = "<group>"; };
		9BF75F26282D7C8200D58E78 /* CoreLocation.framework */ = {isa = PBXFileReference; lastKnownFileType = wrapper.framework; name = CoreLocation.framework; path = System/Library/Frameworks/CoreLocation.framework; sourceTree = SDKROOT; };
		9BF75F28282D7CDE00D58E78 /* CoreLocationUI.framework */ = {isa = PBXFileReference; lastKnownFileType = wrapper.framework; name = CoreLocationUI.framework; path = System/Library/Frameworks/CoreLocationUI.framework; sourceTree = SDKROOT; };
		9BF75F33282E64FE00D58E78 /* Markers.swift */ = {isa = PBXFileReference; lastKnownFileType = sourcecode.swift; path = Markers.swift; sourceTree = "<group>"; };
		9BF75F35282E657E00D58E78 /* Routes.swift */ = {isa = PBXFileReference; lastKnownFileType = sourcecode.swift; path = Routes.swift; sourceTree = "<group>"; };
		9BF75F37282E740700D58E78 /* route Details View Controller.swift */ = {isa = PBXFileReference; lastKnownFileType = sourcecode.swift; path = "route Details View Controller.swift"; sourceTree = "<group>"; };
		9BF75F40282E8FE200D58E78 /* routes Table View Controller.swift */ = {isa = PBXFileReference; lastKnownFileType = sourcecode.swift; path = "routes Table View Controller.swift"; sourceTree = "<group>"; };
		9BF75F42282E974800D58E78 /* routeTableCell.swift */ = {isa = PBXFileReference; lastKnownFileType = sourcecode.swift; path = routeTableCell.swift; sourceTree = "<group>"; };
		9BF75F44282EA1A200D58E78 /* routesFunctions.swift */ = {isa = PBXFileReference; lastKnownFileType = sourcecode.swift; path = routesFunctions.swift; sourceTree = "<group>"; };
/* End PBXFileReference section */

/* Begin PBXFrameworksBuildPhase section */
		9BCFC0FB28232D6800A4CD4A /* Frameworks */ = {
			isa = PBXFrameworksBuildPhase;
			buildActionMask = 2147483647;
			files = (
				9BA03A892833AB3E00A80EDD /* CoreLocationUI.framework in Frameworks */,
				9BA03A8A2833AB4400A80EDD /* MapKit.framework in Frameworks */,
				9BA03A882833AB3E00A80EDD /* CoreLocation.framework in Frameworks */,
			);
			runOnlyForDeploymentPostprocessing = 0;
		};
		9BCFC11128232D6A00A4CD4A /* Frameworks */ = {
			isa = PBXFrameworksBuildPhase;
			buildActionMask = 2147483647;
			files = (
			);
			runOnlyForDeploymentPostprocessing = 0;
		};
		9BCFC11B28232D6A00A4CD4A /* Frameworks */ = {
			isa = PBXFrameworksBuildPhase;
			buildActionMask = 2147483647;
			files = (
			);
			runOnlyForDeploymentPostprocessing = 0;
		};
/* End PBXFrameworksBuildPhase section */

/* Begin PBXGroup section */
		9B1C9384282517AE00D78676 /* mapFunctions */ = {
			isa = PBXGroup;
			children = (
				9B05DE34282518AB00FEDE47 /* functions.swift */,
				9A4CCD212828E94C005401B3 /* dateFunctions.swift */,
				9A4CCD232828E95E005401B3 /* Points.swift */,
				9BF75F33282E64FE00D58E78 /* Markers.swift */,
				9BF75F35282E657E00D58E78 /* Routes.swift */,
				9BAAF8BC28257B5F000EC8A5 /* geocoder.swift */,
				9A4CCD252828E9DD005401B3 /* extensions.swift */,
				9BC7E5BC28244476002C7707 /* database.swift */,
				9A4CE26D2828744F00FBA993 /* dataStorage.swift */,
				9BF75F44282EA1A200D58E78 /* routesFunctions.swift */,
				9BF27DD22830012D005D88FA /* MRCalcSaveGet.swift */,
				9BD4F3392832B8D300BE3EA2 /* locations.swift */,
			);
			path = mapFunctions;
			sourceTree = "<group>";
		};
		9B5D1BFF282A5BDC00E0A1B3 /* StoryBoards */ = {
			isa = PBXGroup;
			children = (
				9B5D1C0A282A5E1D00E0A1B3 /* LaunchScreen.storyboard */,
				9B5D1BFD282A5BCE00E0A1B3 /* Main.storyboard */,
			);
			path = StoryBoards;
			sourceTree = "<group>";
		};
		9B7AC0BB2834F4AE00332CAC /* Routes */ = {
			isa = PBXGroup;
			children = (
				9BF75F40282E8FE200D58E78 /* routes Table View Controller.swift */,
				9BF75F37282E740700D58E78 /* route Details View Controller.swift */,
			);
			path = Routes;
			sourceTree = "<group>";
		};
		9B7AC0BC2834F4B800332CAC /* Photos */ = {
			isa = PBXGroup;
			children = (
				9BD4F32F28319FA400BE3EA2 /* photos Table View Controller.swift */,
				9B6BA0E92834336F000A3FE5 /* photos Collection View Controller.swift */,
				9B6BA0ED283438B9000A3FE5 /* largePhoto View Controller.swift */,
				9B4579672836C5CD001C030D /* Photo Scroll ViewController.swift */,
			);
			path = Photos;
			sourceTree = "<group>";
		};
		9BC7099B282B03D50064A969 /* Frameworks */ = {
			isa = PBXGroup;
			children = (
				9BF75F28282D7CDE00D58E78 /* CoreLocationUI.framework */,
				9BF75F26282D7C8200D58E78 /* CoreLocation.framework */,
				9BC7099C282B03D50064A969 /* MapKit.framework */,
			);
			name = Frameworks;
			sourceTree = "<group>";
		};
		9BC7E5C128244767002C7707 /* ViewControllers */ = {
			isa = PBXGroup;
			children = (
				9BBD6E14282A6F8400E68312 /* webSiteView Controller.swift */,
				9BD4F32E28319F7300BE3EA2 /* Map */,
				9BD4F32D28319F6000BE3EA2 /* Tables */,
			);
			path = ViewControllers;
			sourceTree = "<group>";
		};
		9BCFC0F528232D6800A4CD4A = {
			isa = PBXGroup;
			children = (
				9BCFC10028232D6800A4CD4A /* Lynx */,
				9BCFC11728232D6A00A4CD4A /* LynxTests */,
				9BCFC12128232D6A00A4CD4A /* LynxUITests */,
				9BCFC0FF28232D6800A4CD4A /* Products */,
				9BC7099B282B03D50064A969 /* Frameworks */,
			);
			sourceTree = "<group>";
		};
		9BCFC0FF28232D6800A4CD4A /* Products */ = {
			isa = PBXGroup;
			children = (
				9BCFC0FE28232D6800A4CD4A /* Lynx.app */,
				9BCFC11428232D6A00A4CD4A /* LynxTests.xctest */,
				9BCFC11E28232D6A00A4CD4A /* LynxUITests.xctest */,
			);
			name = Products;
			sourceTree = "<group>";
		};
		9BCFC10028232D6800A4CD4A /* Lynx */ = {
			isa = PBXGroup;
			children = (
				9BD4F3342832B29D00BE3EA2 /* Singletons */,
				9BD4F3312831A04800BE3EA2 /* Photos Functions */,
				9BF75F3B282E8D3400D58E78 /* Cells */,
				9B1C9384282517AE00D78676 /* mapFunctions */,
				9BC7E5C128244767002C7707 /* ViewControllers */,
				9BCFC10128232D6800A4CD4A /* AppDelegate.swift */,
				9BCFC10328232D6800A4CD4A /* SceneDelegate.swift */,
				9B5D1BFF282A5BDC00E0A1B3 /* StoryBoards */,
				9BCFC10A28232D6900A4CD4A /* Assets.xcassets */,
				9BCFC10F28232D6900A4CD4A /* Info.plist */,
			);
			path = Lynx;
			sourceTree = "<group>";
		};
		9BCFC11728232D6A00A4CD4A /* LynxTests */ = {
			isa = PBXGroup;
			children = (
				9BCFC11828232D6A00A4CD4A /* LynxTests.swift */,
			);
			path = LynxTests;
			sourceTree = "<group>";
		};
		9BCFC12128232D6A00A4CD4A /* LynxUITests */ = {
			isa = PBXGroup;
			children = (
				9BCFC12228232D6A00A4CD4A /* LynxUITests.swift */,
				9BCFC12428232D6A00A4CD4A /* LynxUITestsLaunchTests.swift */,
			);
			path = LynxUITests;
			sourceTree = "<group>";
		};
		9BD4F32D28319F6000BE3EA2 /* Tables */ = {
			isa = PBXGroup;
			children = (
				9B7AC0BC2834F4B800332CAC /* Photos */,
				9B7AC0BB2834F4AE00332CAC /* Routes */,
			);
			path = Tables;
			sourceTree = "<group>";
		};
		9BD4F32E28319F7300BE3EA2 /* Map */ = {
			isa = PBXGroup;
			children = (
				9BCFC10528232D6800A4CD4A /* mapView Controller.swift */,
				9A4CCD272828F9FE005401B3 /* dateSelView Controller.swift */,
			);
			path = Map;
			sourceTree = "<group>";
		};
		9BD4F3312831A04800BE3EA2 /* Photos Functions */ = {
			isa = PBXGroup;
			children = (
				9BD4F3322831A06500BE3EA2 /* photos Functions.swift */,
			);
			path = "Photos Functions";
			sourceTree = "<group>";
		};
		9BD4F3342832B29D00BE3EA2 /* Singletons */ = {
			isa = PBXGroup;
			children = (
				9BD4F3352832B2B000BE3EA2 /* Constants.swift */,
				9BD4F3372832B46D00BE3EA2 /* sharedData.swift */,
			);
			path = Singletons;
			sourceTree = "<group>";
		};
		9BF75F3B282E8D3400D58E78 /* Cells */ = {
			isa = PBXGroup;
			children = (
				9BD4F32B28319F4D00BE3EA2 /* placesPhotosTableCell.swift */,
				9BF75F42282E974800D58E78 /* routeTableCell.swift */,
				9B6BA0EB28343476000A3FE5 /* photoCollectionCell.swift */,
			);
			path = Cells;
			sourceTree = "<group>";
		};
/* End PBXGroup section */

/* Begin PBXNativeTarget section */
		9BCFC0FD28232D6800A4CD4A /* Lynx */ = {
			isa = PBXNativeTarget;
			buildConfigurationList = 9BCFC12828232D6A00A4CD4A /* Build configuration list for PBXNativeTarget "Lynx" */;
			buildPhases = (
				9BCFC0FA28232D6800A4CD4A /* Sources */,
				9BCFC0FB28232D6800A4CD4A /* Frameworks */,
				9BCFC0FC28232D6800A4CD4A /* Resources */,
			);
			buildRules = (
			);
			dependencies = (
			);
			name = Lynx;
			packageProductDependencies = (
			);
			productName = Lynx;
			productReference = 9BCFC0FE28232D6800A4CD4A /* Lynx.app */;
			productType = "com.apple.product-type.application";
		};
		9BCFC11328232D6A00A4CD4A /* LynxTests */ = {
			isa = PBXNativeTarget;
			buildConfigurationList = 9BCFC12B28232D6A00A4CD4A /* Build configuration list for PBXNativeTarget "LynxTests" */;
			buildPhases = (
				9BCFC11028232D6A00A4CD4A /* Sources */,
				9BCFC11128232D6A00A4CD4A /* Frameworks */,
				9BCFC11228232D6A00A4CD4A /* Resources */,
			);
			buildRules = (
			);
			dependencies = (
				9BCFC11628232D6A00A4CD4A /* PBXTargetDependency */,
			);
			name = LynxTests;
			productName = LynxTests;
			productReference = 9BCFC11428232D6A00A4CD4A /* LynxTests.xctest */;
			productType = "com.apple.product-type.bundle.unit-test";
		};
		9BCFC11D28232D6A00A4CD4A /* LynxUITests */ = {
			isa = PBXNativeTarget;
			buildConfigurationList = 9BCFC12E28232D6A00A4CD4A /* Build configuration list for PBXNativeTarget "LynxUITests" */;
			buildPhases = (
				9BCFC11A28232D6A00A4CD4A /* Sources */,
				9BCFC11B28232D6A00A4CD4A /* Frameworks */,
				9BCFC11C28232D6A00A4CD4A /* Resources */,
			);
			buildRules = (
			);
			dependencies = (
				9BCFC12028232D6A00A4CD4A /* PBXTargetDependency */,
			);
			name = LynxUITests;
			productName = LynxUITests;
			productReference = 9BCFC11E28232D6A00A4CD4A /* LynxUITests.xctest */;
			productType = "com.apple.product-type.bundle.ui-testing";
		};
/* End PBXNativeTarget section */

/* Begin PBXProject section */
		9BCFC0F628232D6800A4CD4A /* Project object */ = {
			isa = PBXProject;
			attributes = {
				BuildIndependentTargetsInParallel = 1;
				LastSwiftUpdateCheck = 1330;
				LastUpgradeCheck = 1330;
				TargetAttributes = {
					9BCFC0FD28232D6800A4CD4A = {
						CreatedOnToolsVersion = 13.3.1;
					};
					9BCFC11328232D6A00A4CD4A = {
						CreatedOnToolsVersion = 13.3.1;
						TestTargetID = 9BCFC0FD28232D6800A4CD4A;
					};
					9BCFC11D28232D6A00A4CD4A = {
						CreatedOnToolsVersion = 13.3.1;
						TestTargetID = 9BCFC0FD28232D6800A4CD4A;
					};
					9BF27DDF283027A7005D88FA = {
						CreatedOnToolsVersion = 13.3.1;
					};
				};
			};
			buildConfigurationList = 9BCFC0F928232D6800A4CD4A /* Build configuration list for PBXProject "Lynx" */;
			compatibilityVersion = "Xcode 13.0";
			developmentRegion = en;
			hasScannedForEncodings = 0;
			knownRegions = (
				en,
				Base,
			);
			mainGroup = 9BCFC0F528232D6800A4CD4A;
			packageReferences = (
			);
			productRefGroup = 9BCFC0FF28232D6800A4CD4A /* Products */;
			projectDirPath = "";
			projectRoot = "";
			targets = (
				9BCFC0FD28232D6800A4CD4A /* Lynx */,
				9BCFC11328232D6A00A4CD4A /* LynxTests */,
				9BCFC11D28232D6A00A4CD4A /* LynxUITests */,
				9BF27DDF283027A7005D88FA /* Periphery */,
			);
		};
/* End PBXProject section */

/* Begin PBXResourcesBuildPhase section */
		9BCFC0FC28232D6800A4CD4A /* Resources */ = {
			isa = PBXResourcesBuildPhase;
			buildActionMask = 2147483647;
			files = (
				9BCFC10B28232D6900A4CD4A /* Assets.xcassets in Resources */,
				9B5D1C0B282A5E1D00E0A1B3 /* LaunchScreen.storyboard in Resources */,
				9B5D1BFE282A5BCE00E0A1B3 /* Main.storyboard in Resources */,
			);
			runOnlyForDeploymentPostprocessing = 0;
		};
		9BCFC11228232D6A00A4CD4A /* Resources */ = {
			isa = PBXResourcesBuildPhase;
			buildActionMask = 2147483647;
			files = (
			);
			runOnlyForDeploymentPostprocessing = 0;
		};
		9BCFC11C28232D6A00A4CD4A /* Resources */ = {
			isa = PBXResourcesBuildPhase;
			buildActionMask = 2147483647;
			files = (
			);
			runOnlyForDeploymentPostprocessing = 0;
		};
/* End PBXResourcesBuildPhase section */

/* Begin PBXShellScriptBuildPhase section */
		9BF27DE3283027B3005D88FA /* ShellScript */ = {
			isa = PBXShellScriptBuildPhase;
			buildActionMask = 2147483647;
			files = (
			);
			inputFileListPaths = (
			);
			inputPaths = (
			);
			outputFileListPaths = (
			);
			outputPaths = (
			);
			runOnlyForDeploymentPostprocessing = 0;
			shellPath = /bin/sh;
			shellScript = "# Type a script or drag a script file from your workspace to insert its path.\nperiphery scan\n";
		};
/* End PBXShellScriptBuildPhase section */

/* Begin PBXSourcesBuildPhase section */
		9BCFC0FA28232D6800A4CD4A /* Sources */ = {
			isa = PBXSourcesBuildPhase;
			buildActionMask = 2147483647;
			files = (
				9BAAF8BD28257B5F000EC8A5 /* geocoder.swift in Sources */,
				9BD4F33028319FA400BE3EA2 /* photos Table View Controller.swift in Sources */,
				9A4CCD242828E95E005401B3 /* Points.swift in Sources */,
				9BD4F32C28319F4D00BE3EA2 /* placesPhotosTableCell.swift in Sources */,
				9BCFC10628232D6800A4CD4A /* mapView Controller.swift in Sources */,
				9A4CE26E2828744F00FBA993 /* dataStorage.swift in Sources */,
				9BD4F3362832B2B000BE3EA2 /* Constants.swift in Sources */,
				9B6BA0EC28343476000A3FE5 /* photoCollectionCell.swift in Sources */,
				9A4CCD282828F9FE005401B3 /* dateSelView Controller.swift in Sources */,
				9A4CCD222828E94C005401B3 /* dateFunctions.swift in Sources */,
				9BCFC10228232D6800A4CD4A /* AppDelegate.swift in Sources */,
				9B4579682836C5CD001C030D /* Photo Scroll ViewController.swift in Sources */,
				9BF75F38282E740700D58E78 /* route Details View Controller.swift in Sources */,
				9BF27DD32830012D005D88FA /* MRCalcSaveGet.swift in Sources */,
				9B6BA0EA2834336F000A3FE5 /* photos Collection View Controller.swift in Sources */,
				9BD4F33A2832B8D400BE3EA2 /* locations.swift in Sources */,
				9BD4F3332831A06500BE3EA2 /* photos Functions.swift in Sources */,
				9BF75F43282E974800D58E78 /* routeTableCell.swift in Sources */,
				9BF75F36282E657E00D58E78 /* Routes.swift in Sources */,
				9BC7E5BE28244476002C7707 /* database.swift in Sources */,
				9BF75F41282E8FE200D58E78 /* routes Table View Controller.swift in Sources */,
				9BF75F45282EA1A200D58E78 /* routesFunctions.swift in Sources */,
				9A4CCD262828E9DD005401B3 /* extensions.swift in Sources */,
				9B6BA0EE283438B9000A3FE5 /* largePhoto View Controller.swift in Sources */,
				9BCFC10428232D6800A4CD4A /* SceneDelegate.swift in Sources */,
				9BD4F3382832B46D00BE3EA2 /* sharedData.swift in Sources */,
				9BBD6E15282A6F8400E68312 /* webSiteView Controller.swift in Sources */,
				9B05DE35282518AB00FEDE47 /* functions.swift in Sources */,
				9BF75F34282E64FE00D58E78 /* Markers.swift in Sources */,
			);
			runOnlyForDeploymentPostprocessing = 0;
		};
		9BCFC11028232D6A00A4CD4A /* Sources */ = {
			isa = PBXSourcesBuildPhase;
			buildActionMask = 2147483647;
			files = (
				9BCFC11928232D6A00A4CD4A /* LynxTests.swift in Sources */,
			);
			runOnlyForDeploymentPostprocessing = 0;
		};
		9BCFC11A28232D6A00A4CD4A /* Sources */ = {
			isa = PBXSourcesBuildPhase;
			buildActionMask = 2147483647;
			files = (
				9BCFC12328232D6A00A4CD4A /* LynxUITests.swift in Sources */,
				9BCFC12528232D6A00A4CD4A /* LynxUITestsLaunchTests.swift in Sources */,
			);
			runOnlyForDeploymentPostprocessing = 0;
		};
/* End PBXSourcesBuildPhase section */

/* Begin PBXTargetDependency section */
		9BCFC11628232D6A00A4CD4A /* PBXTargetDependency */ = {
			isa = PBXTargetDependency;
			target = 9BCFC0FD28232D6800A4CD4A /* Lynx */;
			targetProxy = 9BCFC11528232D6A00A4CD4A /* PBXContainerItemProxy */;
		};
		9BCFC12028232D6A00A4CD4A /* PBXTargetDependency */ = {
			isa = PBXTargetDependency;
			target = 9BCFC0FD28232D6800A4CD4A /* Lynx */;
			targetProxy = 9BCFC11F28232D6A00A4CD4A /* PBXContainerItemProxy */;
		};
/* End PBXTargetDependency section */

/* Begin XCBuildConfiguration section */
		9BCFC12628232D6A00A4CD4A /* Debug */ = {
			isa = XCBuildConfiguration;
			buildSettings = {
				ALWAYS_SEARCH_USER_PATHS = NO;
				CLANG_ANALYZER_NONNULL = YES;
				CLANG_ANALYZER_NUMBER_OBJECT_CONVERSION = YES_AGGRESSIVE;
				CLANG_CXX_LANGUAGE_STANDARD = "gnu++17";
				CLANG_ENABLE_MODULES = YES;
				CLANG_ENABLE_OBJC_ARC = YES;
				CLANG_ENABLE_OBJC_WEAK = YES;
				CLANG_WARN_BLOCK_CAPTURE_AUTORELEASING = YES;
				CLANG_WARN_BOOL_CONVERSION = YES;
				CLANG_WARN_COMMA = YES;
				CLANG_WARN_CONSTANT_CONVERSION = YES;
				CLANG_WARN_DEPRECATED_OBJC_IMPLEMENTATIONS = YES;
				CLANG_WARN_DIRECT_OBJC_ISA_USAGE = YES_ERROR;
				CLANG_WARN_DOCUMENTATION_COMMENTS = YES;
				CLANG_WARN_EMPTY_BODY = YES;
				CLANG_WARN_ENUM_CONVERSION = YES;
				CLANG_WARN_INFINITE_RECURSION = YES;
				CLANG_WARN_INT_CONVERSION = YES;
				CLANG_WARN_NON_LITERAL_NULL_CONVERSION = YES;
				CLANG_WARN_OBJC_IMPLICIT_RETAIN_SELF = YES;
				CLANG_WARN_OBJC_LITERAL_CONVERSION = YES;
				CLANG_WARN_OBJC_ROOT_CLASS = YES_ERROR;
				CLANG_WARN_QUOTED_INCLUDE_IN_FRAMEWORK_HEADER = YES;
				CLANG_WARN_RANGE_LOOP_ANALYSIS = YES;
				CLANG_WARN_STRICT_PROTOTYPES = YES;
				CLANG_WARN_SUSPICIOUS_MOVE = YES;
				CLANG_WARN_UNGUARDED_AVAILABILITY = YES_AGGRESSIVE;
				CLANG_WARN_UNREACHABLE_CODE = YES;
				CLANG_WARN__DUPLICATE_METHOD_MATCH = YES;
				COPY_PHASE_STRIP = NO;
				DEBUG_INFORMATION_FORMAT = dwarf;
				ENABLE_STRICT_OBJC_MSGSEND = YES;
				ENABLE_TESTABILITY = YES;
				GCC_C_LANGUAGE_STANDARD = gnu11;
				GCC_DYNAMIC_NO_PIC = NO;
				GCC_NO_COMMON_BLOCKS = YES;
				GCC_OPTIMIZATION_LEVEL = 0;
				GCC_PREPROCESSOR_DEFINITIONS = (
					"DEBUG=1",
					"$(inherited)",
				);
				GCC_WARN_64_TO_32_BIT_CONVERSION = YES;
				GCC_WARN_ABOUT_RETURN_TYPE = YES_ERROR;
				GCC_WARN_UNDECLARED_SELECTOR = YES;
				GCC_WARN_UNINITIALIZED_AUTOS = YES_AGGRESSIVE;
				GCC_WARN_UNUSED_FUNCTION = YES;
				GCC_WARN_UNUSED_VARIABLE = YES;
				IPHONEOS_DEPLOYMENT_TARGET = 15.0;
				MTL_ENABLE_DEBUG_INFO = INCLUDE_SOURCE;
				MTL_FAST_MATH = YES;
				ONLY_ACTIVE_ARCH = YES;
				SDKROOT = iphoneos;
				SWIFT_ACTIVE_COMPILATION_CONDITIONS = DEBUG;
				SWIFT_OPTIMIZATION_LEVEL = "-Onone";
			};
			name = Debug;
		};
		9BCFC12728232D6A00A4CD4A /* Release */ = {
			isa = XCBuildConfiguration;
			buildSettings = {
				ALWAYS_SEARCH_USER_PATHS = NO;
				CLANG_ANALYZER_NONNULL = YES;
				CLANG_ANALYZER_NUMBER_OBJECT_CONVERSION = YES_AGGRESSIVE;
				CLANG_CXX_LANGUAGE_STANDARD = "gnu++17";
				CLANG_ENABLE_MODULES = YES;
				CLANG_ENABLE_OBJC_ARC = YES;
				CLANG_ENABLE_OBJC_WEAK = YES;
				CLANG_WARN_BLOCK_CAPTURE_AUTORELEASING = YES;
				CLANG_WARN_BOOL_CONVERSION = YES;
				CLANG_WARN_COMMA = YES;
				CLANG_WARN_CONSTANT_CONVERSION = YES;
				CLANG_WARN_DEPRECATED_OBJC_IMPLEMENTATIONS = YES;
				CLANG_WARN_DIRECT_OBJC_ISA_USAGE = YES_ERROR;
				CLANG_WARN_DOCUMENTATION_COMMENTS = YES;
				CLANG_WARN_EMPTY_BODY = YES;
				CLANG_WARN_ENUM_CONVERSION = YES;
				CLANG_WARN_INFINITE_RECURSION = YES;
				CLANG_WARN_INT_CONVERSION = YES;
				CLANG_WARN_NON_LITERAL_NULL_CONVERSION = YES;
				CLANG_WARN_OBJC_IMPLICIT_RETAIN_SELF = YES;
				CLANG_WARN_OBJC_LITERAL_CONVERSION = YES;
				CLANG_WARN_OBJC_ROOT_CLASS = YES_ERROR;
				CLANG_WARN_QUOTED_INCLUDE_IN_FRAMEWORK_HEADER = YES;
				CLANG_WARN_RANGE_LOOP_ANALYSIS = YES;
				CLANG_WARN_STRICT_PROTOTYPES = YES;
				CLANG_WARN_SUSPICIOUS_MOVE = YES;
				CLANG_WARN_UNGUARDED_AVAILABILITY = YES_AGGRESSIVE;
				CLANG_WARN_UNREACHABLE_CODE = YES;
				CLANG_WARN__DUPLICATE_METHOD_MATCH = YES;
				COPY_PHASE_STRIP = NO;
				DEBUG_INFORMATION_FORMAT = "dwarf-with-dsym";
				ENABLE_NS_ASSERTIONS = NO;
				ENABLE_STRICT_OBJC_MSGSEND = YES;
				GCC_C_LANGUAGE_STANDARD = gnu11;
				GCC_NO_COMMON_BLOCKS = YES;
				GCC_WARN_64_TO_32_BIT_CONVERSION = YES;
				GCC_WARN_ABOUT_RETURN_TYPE = YES_ERROR;
				GCC_WARN_UNDECLARED_SELECTOR = YES;
				GCC_WARN_UNINITIALIZED_AUTOS = YES_AGGRESSIVE;
				GCC_WARN_UNUSED_FUNCTION = YES;
				GCC_WARN_UNUSED_VARIABLE = YES;
				IPHONEOS_DEPLOYMENT_TARGET = 15.0;
				MTL_ENABLE_DEBUG_INFO = NO;
				MTL_FAST_MATH = YES;
				SDKROOT = iphoneos;
				SWIFT_COMPILATION_MODE = wholemodule;
				SWIFT_OPTIMIZATION_LEVEL = "-O";
				VALIDATE_PRODUCT = YES;
			};
			name = Release;
		};
		9BCFC12928232D6A00A4CD4A /* Debug */ = {
			isa = XCBuildConfiguration;
			buildSettings = {
				ASSETCATALOG_COMPILER_APPICON_NAME = AppIcon;
				ASSETCATALOG_COMPILER_GLOBAL_ACCENT_COLOR_NAME = AccentColor;
				ASSETCATALOG_COMPILER_INCLUDE_ALL_APPICON_ASSETS = NO;
				CODE_SIGN_IDENTITY = "Apple Development";
				CODE_SIGN_STYLE = Automatic;
				CURRENT_PROJECT_VERSION = 1;
				DEVELOPMENT_TEAM = YYJ246MB2L;
				GENERATE_INFOPLIST_FILE = YES;
				INFOPLIST_FILE = Lynx/Info.plist;
				INFOPLIST_KEY_CFBundleDisplayName = "SV Lynx";
				INFOPLIST_KEY_NSLocationWhenInUseUsageDescription = "to show you where you  are";
				INFOPLIST_KEY_NSPhotoLibraryUsageDescription = "to show your photos of your trip";
				INFOPLIST_KEY_UIApplicationSupportsIndirectInputEvents = YES;
				INFOPLIST_KEY_UILaunchStoryboardName = LaunchScreen;
				INFOPLIST_KEY_UIMainStoryboardFile = Main;
				INFOPLIST_KEY_UIStatusBarHidden = NO;
				INFOPLIST_KEY_UISupportedInterfaceOrientations = "UIInterfaceOrientationLandscapeLeft UIInterfaceOrientationLandscapeRight UIInterfaceOrientationPortrait";
				INFOPLIST_KEY_UISupportedInterfaceOrientations_iPad = "UIInterfaceOrientationPortrait UIInterfaceOrientationPortraitUpsideDown UIInterfaceOrientationLandscapeLeft UIInterfaceOrientationLandscapeRight";
				INFOPLIST_KEY_UISupportedInterfaceOrientations_iPhone = "UIInterfaceOrientationPortrait UIInterfaceOrientationLandscapeLeft UIInterfaceOrientationLandscapeRight";
				IPHONEOS_DEPLOYMENT_TARGET = 15.0;
				LD_RUNPATH_SEARCH_PATHS = (
					"$(inherited)",
					"@executable_path/Frameworks",
				);
				MARKETING_VERSION = 0.0.1;
				PRODUCT_BUNDLE_IDENTIFIER = com.windmaster.lynx;
				PRODUCT_NAME = "$(TARGET_NAME)";
				PROVISIONING_PROFILE_SPECIFIER = "";
				SWIFT_EMIT_LOC_STRINGS = YES;
				SWIFT_VERSION = 5.0;
				TARGETED_DEVICE_FAMILY = "1,2";
			};
			name = Debug;
		};
		9BCFC12A28232D6A00A4CD4A /* Release */ = {
			isa = XCBuildConfiguration;
			buildSettings = {
				ASSETCATALOG_COMPILER_APPICON_NAME = AppIcon;
				ASSETCATALOG_COMPILER_GLOBAL_ACCENT_COLOR_NAME = AccentColor;
				ASSETCATALOG_COMPILER_INCLUDE_ALL_APPICON_ASSETS = NO;
				CODE_SIGN_IDENTITY = "Apple Development";
				CODE_SIGN_STYLE = Automatic;
				CURRENT_PROJECT_VERSION = 1;
				DEVELOPMENT_TEAM = YYJ246MB2L;
				GENERATE_INFOPLIST_FILE = YES;
				INFOPLIST_FILE = Lynx/Info.plist;
				INFOPLIST_KEY_CFBundleDisplayName = "SV Lynx";
				INFOPLIST_KEY_NSLocationWhenInUseUsageDescription = "to show you where you  are";
				INFOPLIST_KEY_NSPhotoLibraryUsageDescription = "to show your photos of your trip";
				INFOPLIST_KEY_UIApplicationSupportsIndirectInputEvents = YES;
				INFOPLIST_KEY_UILaunchStoryboardName = LaunchScreen;
				INFOPLIST_KEY_UIMainStoryboardFile = Main;
				INFOPLIST_KEY_UIStatusBarHidden = NO;
				INFOPLIST_KEY_UISupportedInterfaceOrientations = "UIInterfaceOrientationLandscapeLeft UIInterfaceOrientationLandscapeRight UIInterfaceOrientationPortrait";
				INFOPLIST_KEY_UISupportedInterfaceOrientations_iPad = "UIInterfaceOrientationPortrait UIInterfaceOrientationPortraitUpsideDown UIInterfaceOrientationLandscapeLeft UIInterfaceOrientationLandscapeRight";
				INFOPLIST_KEY_UISupportedInterfaceOrientations_iPhone = "UIInterfaceOrientationPortrait UIInterfaceOrientationLandscapeLeft UIInterfaceOrientationLandscapeRight";
				IPHONEOS_DEPLOYMENT_TARGET = 15.0;
				LD_RUNPATH_SEARCH_PATHS = (
					"$(inherited)",
					"@executable_path/Frameworks",
				);
				MARKETING_VERSION = 0.0.1;
				PRODUCT_BUNDLE_IDENTIFIER = com.windmaster.lynx;
				PRODUCT_NAME = "$(TARGET_NAME)";
				PROVISIONING_PROFILE_SPECIFIER = "";
				SWIFT_EMIT_LOC_STRINGS = YES;
				SWIFT_VERSION = 5.0;
				TARGETED_DEVICE_FAMILY = "1,2";
			};
			name = Release;
		};
		9BCFC12C28232D6A00A4CD4A /* Debug */ = {
			isa = XCBuildConfiguration;
			buildSettings = {
				ALWAYS_EMBED_SWIFT_STANDARD_LIBRARIES = YES;
				BUNDLE_LOADER = "$(TEST_HOST)";
				CODE_SIGN_STYLE = Automatic;
				CURRENT_PROJECT_VERSION = 1;
				DEVELOPMENT_TEAM = JHBG89953Q;
				GENERATE_INFOPLIST_FILE = YES;
				IPHONEOS_DEPLOYMENT_TARGET = 15.4;
				MARKETING_VERSION = 1.0;
				PRODUCT_BUNDLE_IDENTIFIER = com.sailmaster.LynxTests;
				PRODUCT_NAME = "$(TARGET_NAME)";
				SWIFT_EMIT_LOC_STRINGS = NO;
				SWIFT_VERSION = 5.0;
				TARGETED_DEVICE_FAMILY = "1,2";
				TEST_HOST = "$(BUILT_PRODUCTS_DIR)/Lynx.app/Lynx";
			};
			name = Debug;
		};
		9BCFC12D28232D6A00A4CD4A /* Release */ = {
			isa = XCBuildConfiguration;
			buildSettings = {
				ALWAYS_EMBED_SWIFT_STANDARD_LIBRARIES = YES;
				BUNDLE_LOADER = "$(TEST_HOST)";
				CODE_SIGN_STYLE = Automatic;
				CURRENT_PROJECT_VERSION = 1;
				DEVELOPMENT_TEAM = JHBG89953Q;
				GENERATE_INFOPLIST_FILE = YES;
				IPHONEOS_DEPLOYMENT_TARGET = 15.4;
				MARKETING_VERSION = 1.0;
				PRODUCT_BUNDLE_IDENTIFIER = com.sailmaster.LynxTests;
				PRODUCT_NAME = "$(TARGET_NAME)";
				SWIFT_EMIT_LOC_STRINGS = NO;
				SWIFT_VERSION = 5.0;
				TARGETED_DEVICE_FAMILY = "1,2";
				TEST_HOST = "$(BUILT_PRODUCTS_DIR)/Lynx.app/Lynx";
			};
			name = Release;
		};
		9BCFC12F28232D6A00A4CD4A /* Debug */ = {
			isa = XCBuildConfiguration;
			buildSettings = {
				ALWAYS_EMBED_SWIFT_STANDARD_LIBRARIES = YES;
				CODE_SIGN_STYLE = Automatic;
				CURRENT_PROJECT_VERSION = 1;
				DEVELOPMENT_TEAM = JHBG89953Q;
				GENERATE_INFOPLIST_FILE = YES;
				MARKETING_VERSION = 1.0;
				PRODUCT_BUNDLE_IDENTIFIER = com.sailmaster.LynxUITests;
				PRODUCT_NAME = "$(TARGET_NAME)";
				SWIFT_EMIT_LOC_STRINGS = NO;
				SWIFT_VERSION = 5.0;
				TARGETED_DEVICE_FAMILY = "1,2";
				TEST_TARGET_NAME = Lynx;
			};
			name = Debug;
		};
		9BCFC13028232D6A00A4CD4A /* Release */ = {
			isa = XCBuildConfiguration;
			buildSettings = {
				ALWAYS_EMBED_SWIFT_STANDARD_LIBRARIES = YES;
				CODE_SIGN_STYLE = Automatic;
				CURRENT_PROJECT_VERSION = 1;
				DEVELOPMENT_TEAM = JHBG89953Q;
				GENERATE_INFOPLIST_FILE = YES;
				MARKETING_VERSION = 1.0;
				PRODUCT_BUNDLE_IDENTIFIER = com.sailmaster.LynxUITests;
				PRODUCT_NAME = "$(TARGET_NAME)";
				SWIFT_EMIT_LOC_STRINGS = NO;
				SWIFT_VERSION = 5.0;
				TARGETED_DEVICE_FAMILY = "1,2";
				TEST_TARGET_NAME = Lynx;
			};
			name = Release;
		};
		9BF27DE1283027A7005D88FA /* Debug */ = {
			isa = XCBuildConfiguration;
			buildSettings = {
				CODE_SIGN_STYLE = Automatic;
				PRODUCT_NAME = "$(TARGET_NAME)";
			};
			name = Debug;
		};
		9BF27DE2283027A7005D88FA /* Release */ = {
			isa = XCBuildConfiguration;
			buildSettings = {
				CODE_SIGN_STYLE = Automatic;
				PRODUCT_NAME = "$(TARGET_NAME)";
			};
			name = Release;
		};
/* End XCBuildConfiguration section */

/* Begin XCConfigurationList section */
		9BCFC0F928232D6800A4CD4A /* Build configuration list for PBXProject "Lynx" */ = {
			isa = XCConfigurationList;
			buildConfigurations = (
				9BCFC12628232D6A00A4CD4A /* Debug */,
				9BCFC12728232D6A00A4CD4A /* Release */,
			);
			defaultConfigurationIsVisible = 0;
			defaultConfigurationName = Release;
		};
		9BCFC12828232D6A00A4CD4A /* Build configuration list for PBXNativeTarget "Lynx" */ = {
			isa = XCConfigurationList;
			buildConfigurations = (
				9BCFC12928232D6A00A4CD4A /* Debug */,
				9BCFC12A28232D6A00A4CD4A /* Release */,
			);
			defaultConfigurationIsVisible = 0;
			defaultConfigurationName = Release;
		};
		9BCFC12B28232D6A00A4CD4A /* Build configuration list for PBXNativeTarget "LynxTests" */ = {
			isa = XCConfigurationList;
			buildConfigurations = (
				9BCFC12C28232D6A00A4CD4A /* Debug */,
				9BCFC12D28232D6A00A4CD4A /* Release */,
			);
			defaultConfigurationIsVisible = 0;
			defaultConfigurationName = Release;
		};
		9BCFC12E28232D6A00A4CD4A /* Build configuration list for PBXNativeTarget "LynxUITests" */ = {
			isa = XCConfigurationList;
			buildConfigurations = (
				9BCFC12F28232D6A00A4CD4A /* Debug */,
				9BCFC13028232D6A00A4CD4A /* Release */,
			);
			defaultConfigurationIsVisible = 0;
			defaultConfigurationName = Release;
		};
		9BF27DE0283027A7005D88FA /* Build configuration list for PBXAggregateTarget "Periphery" */ = {
			isa = XCConfigurationList;
			buildConfigurations = (
				9BF27DE1283027A7005D88FA /* Debug */,
				9BF27DE2283027A7005D88FA /* Release */,
			);
			defaultConfigurationIsVisible = 0;
			defaultConfigurationName = Release;
		};
/* End XCConfigurationList section */
	};
	rootObject = 9BCFC0F628232D6800A4CD4A /* Project object */;
}
